
Microsoft Visual Studio Solution File, Format Version 12.00
# Visual Studio Version 16
VisualStudioVersion = 16.0.31005.135
MinimumVisualStudioVersion = 10.0.40219.1
Project("{FAE04EC0-301F-11D3-BF4B-00C04F79EFBC}") = "UrlShortenerApi", "UrlShortenerApi\UrlShortenerApi.csproj", "{F27F5095-11DB-498D-9CE2-D6ADD38A213D}"
EndProject
Global
	GlobalSection(SolutionConfigurationPlatforms) = preSolution
		Debug|Any CPU = Debug|Any CPU
		Release|Any CPU = Release|Any CPU
	EndGlobalSection
	GlobalSection(ProjectConfigurationPlatforms) = postSolution
		{F27F5095-11DB-498D-9CE2-D6ADD38A213D}.Debug|Any CPU.ActiveCfg = Debug|Any CPU
		{F27F5095-11DB-498D-9CE2-D6ADD38A213D}.Debug|Any CPU.Build.0 = Debug|Any CPU
		{F27F5095-11DB-498D-9CE2-D6ADD38A213D}.Release|Any CPU.ActiveCfg = Release|Any CPU
		{F27F5095-11DB-498D-9CE2-D6ADD38A213D}.Release|Any CPU.Build.0 = Release|Any CPU
	EndGlobalSection
	GlobalSection(SolutionProperties) = preSolution
		HideSolutionNode = FALSE
	EndGlobalSection
	GlobalSection(ExtensibilityGlobals) = postSolution
		SolutionGuid = {D7CC4BBF-EB0E-4D44-A0DC-13260932F3FB}
	EndGlobalSection
EndGlobal
